// !$*UTF8*$!
{
	archiveVersion = 1;
	classes = {
	};
	objectVersion = 48;
	objects = {

/* Begin PBXBuildFile section */
		DAE3E485203A53DB00BB51EA /* AppDelegate.swift in Sources */ = {isa = PBXBuildFile; fileRef = DAE3E484203A53DB00BB51EA /* AppDelegate.swift */; };
		DAE3E487203A53DB00BB51EA /* ViewController.swift in Sources */ = {isa = PBXBuildFile; fileRef = DAE3E486203A53DB00BB51EA /* ViewController.swift */; };
		DAE3E48A203A53DB00BB51EA /* Main.storyboard in Resources */ = {isa = PBXBuildFile; fileRef = DAE3E488203A53DB00BB51EA /* Main.storyboard */; };
		DAE3E48D203A53DB00BB51EA /* AlarmAppRepractice.xcdatamodeld in Sources */ = {isa = PBXBuildFile; fileRef = DAE3E48B203A53DB00BB51EA /* AlarmAppRepractice.xcdatamodeld */; };
		DAE3E48F203A53DB00BB51EA /* Assets.xcassets in Resources */ = {isa = PBXBuildFile; fileRef = DAE3E48E203A53DB00BB51EA /* Assets.xcassets */; };
		DAE3E492203A53DB00BB51EA /* LaunchScreen.storyboard in Resources */ = {isa = PBXBuildFile; fileRef = DAE3E490203A53DB00BB51EA /* LaunchScreen.storyboard */; };
/* End PBXBuildFile section */

/* Begin PBXFileReference section */
		DAE3E481203A53DB00BB51EA /* AlarmAppRepractice.app */ = {isa = PBXFileReference; explicitFileType = wrapper.application; includeInIndex = 0; path = AlarmAppRepractice.app; sourceTree = BUILT_PRODUCTS_DIR; };
		DAE3E484203A53DB00BB51EA /* AppDelegate.swift */ = {isa = PBXFileReference; lastKnownFileType = sourcecode.swift; path = AppDelegate.swift; sourceTree = "<group>"; };
		DAE3E486203A53DB00BB51EA /* ViewController.swift */ = {isa = PBXFileReference; lastKnownFileType = sourcecode.swift; path = ViewController.swift; sourceTree = "<group>"; };
		DAE3E489203A53DB00BB51EA /* Base */ = {isa = PBXFileReference; lastKnownFileType = file.storyboard; name = Base; path = Base.lproj/Main.storyboard; sourceTree = "<group>"; };
		DAE3E48C203A53DB00BB51EA /* AlarmAppRepractice.xcdatamodel */ = {isa = PBXFileReference; lastKnownFileType = wrapper.xcdatamodel; path = AlarmAppRepractice.xcdatamodel; sourceTree = "<group>"; };
		DAE3E48E203A53DB00BB51EA /* Assets.xcassets */ = {isa = PBXFileReference; lastKnownFileType = folder.assetcatalog; path = Assets.xcassets; sourceTree = "<group>"; };
		DAE3E491203A53DB00BB51EA /* Base */ = {isa = PBXFileReference; lastKnownFileType = file.storyboard; name = Base; path = Base.lproj/LaunchScreen.storyboard; sourceTree = "<group>"; };
		DAE3E493203A53DB00BB51EA /* Info.plist */ = {isa = PBXFileReference; lastKnownFileType = text.plist.xml; path = Info.plist; sourceTree = "<group>"; };
/* End PBXFileReference section */

/* Begin PBXFrameworksBuildPhase section */
		DAE3E47E203A53DB00BB51EA /* Frameworks */ = {
			isa = PBXFrameworksBuildPhase;
			buildActionMask = 2147483647;
			files = (
			);
			runOnlyForDeploymentPostprocessing = 0;
		};
/* End PBXFrameworksBuildPhase section */

/* Begin PBXGroup section */
		DAE3E478203A53DB00BB51EA = {
			isa = PBXGroup;
			children = (
				DAE3E483203A53DB00BB51EA /* AlarmAppRepractice */,
				DAE3E482203A53DB00BB51EA /* Products */,
			);
			sourceTree = "<group>";
		};
		DAE3E482203A53DB00BB51EA /* Products */ = {
			isa = PBXGroup;
			children = (
				DAE3E481203A53DB00BB51EA /* AlarmAppRepractice.app */,
			);
			name = Products;
			sourceTree = "<group>";
		};
		DAE3E483203A53DB00BB51EA /* AlarmAppRepractice */ = {
			isa = PBXGroup;
			children = (
				DAE3E484203A53DB00BB51EA /* AppDelegate.swift */,
				DAE3E486203A53DB00BB51EA /* ViewController.swift */,
				DAE3E488203A53DB00BB51EA /* Main.storyboard */,
				DAE3E48E203A53DB00BB51EA /* Assets.xcassets */,
				DAE3E490203A53DB00BB51EA /* LaunchScreen.storyboard */,
				DAE3E493203A53DB00BB51EA /* Info.plist */,
				DAE3E48B203A53DB00BB51EA /* AlarmAppRepractice.xcdatamodeld */,
			);
			path = AlarmAppRepractice;
			sourceTree = "<group>";
		};
/* End PBXGroup section */

/* Begin PBXNativeTarget section */
		DAE3E480203A53DB00BB51EA /* AlarmAppRepractice */ = {
			isa = PBXNativeTarget;
			buildConfigurationList = DAE3E496203A53DB00BB51EA /* Build configuration list for PBXNativeTarget "AlarmAppRepractice" */;
			buildPhases = (
				DAE3E47D203A53DB00BB51EA /* Sources */,
				DAE3E47E203A53DB00BB51EA /* Frameworks */,
				DAE3E47F203A53DB00BB51EA /* Resources */,
			);
			buildRules = (
			);
			dependencies = (
			);
			name = AlarmAppRepractice;
			productName = AlarmAppRepractice;
			productReference = DAE3E481203A53DB00BB51EA /* AlarmAppRepractice.app */;
			productType = "com.apple.product-type.application";
		};
/* End PBXNativeTarget section */

/* Begin PBXProject section */
		DAE3E479203A53DB00BB51EA /* Project object */ = {
			isa = PBXProject;
			attributes = {
				LastSwiftUpdateCheck = 0910;
				LastUpgradeCheck = 0910;
				ORGANIZATIONNAME = "최동호";
				TargetAttributes = {
					DAE3E480203A53DB00BB51EA = {
						CreatedOnToolsVersion = 9.1;
						ProvisioningStyle = Automatic;
					};
				};
			};
			buildConfigurationList = DAE3E47C203A53DB00BB51EA /* Build configuration list for PBXProject "AlarmAppRepractice" */;
			compatibilityVersion = "Xcode 8.0";
			developmentRegion = en;
			hasScannedForEncodings = 0;
			knownRegions = (
				en,
				Base,
			);
			mainGroup = DAE3E478203A53DB00BB51EA;
			productRefGroup = DAE3E482203A53DB00BB51EA /* Products */;
			projectDirPath = "";
			projectRoot = "";
			targets = (
				DAE3E480203A53DB00BB51EA /* AlarmAppRepractice */,
			);
		};
/* End PBXProject section */

/* Begin PBXResourcesBuildPhase section */
		DAE3E47F203A53DB00BB51EA /* Resources */ = {
			isa = PBXResourcesBuildPhase;
			buildActionMask = 2147483647;
			files = (
				DAE3E492203A53DB00BB51EA /* LaunchScreen.storyboard in Resources */,
				DAE3E48F203A53DB00BB51EA /* Assets.xcassets in Resources */,
				DAE3E48A203A53DB00BB51EA /* Main.storyboard in Resources */,
			);
			runOnlyForDeploymentPostprocessing = 0;
		};
/* End PBXResourcesBuildPhase section */

/* Begin PBXSourcesBuildPhase section */
		DAE3E47D203A53DB00BB51EA /* Sources */ = {
			isa = PBXSourcesBuildPhase;
			buildActionMask = 2147483647;
			files = (
				DAE3E48D203A53DB00BB51EA /* AlarmAppRepractice.xcdatamodeld in Sources */,
				DAE3E487203A53DB00BB51EA /* ViewController.swift in Sources */,
				DAE3E485203A53DB00BB51EA /* AppDelegate.swift in Sources */,
			);
			runOnlyForDeploymentPostprocessing = 0;
		};
/* End PBXSourcesBuildPhase section */

/* Begin PBXVariantGroup section */
		DAE3E488203A53DB00BB51EA /* Main.storyboard */ = {
			isa = PBXVariantGroup;
			children = (
				DAE3E489203A53DB00BB51EA /* Base */,
			);
			name = Main.storyboard;
			sourceTree = "<group>";
		};
		DAE3E490203A53DB00BB51EA /* LaunchScreen.storyboard */ = {
			isa = PBXVariantGroup;
			children = (
				DAE3E491203A53DB00BB51EA /* Base */,
			);
			name = LaunchScreen.storyboard;
			sourceTree = "<group>";
		};
/* End PBXVariantGroup section */

/* Begin XCBuildConfiguration section */
		DAE3E494203A53DB00BB51EA /* Debug */ = {
			isa = XCBuildConfiguration;
			buildSettings = {
				ALWAYS_SEARCH_USER_PATHS = NO;
				CLANG_ANALYZER_NONNULL = YES;
				CLANG_ANALYZER_NUMBER_OBJECT_CONVERSION = YES_AGGRESSIVE;
				CLANG_CXX_LANGUAGE_STANDARD = "gnu++14";
				CLANG_CXX_LIBRARY = "libc++";
				CLANG_ENABLE_MODULES = YES;
				CLANG_ENABLE_OBJC_ARC = YES;
				CLANG_WARN_BLOCK_CAPTURE_AUTORELEASING = YES;
				CLANG_WARN_BOOL_CONVERSION = YES;
				CLANG_WARN_COMMA = YES;
				CLANG_WARN_CONSTANT_CONVERSION = YES;
				CLANG_WARN_DIRECT_OBJC_ISA_USAGE = YES_ERROR;
				CLANG_WARN_DOCUMENTATION_COMMENTS = YES;
				CLANG_WARN_EMPTY_BODY = YES;
				CLANG_WARN_ENUM_CONVERSION = YES;
				CLANG_WARN_INFINITE_RECURSION = YES;
				CLANG_WARN_INT_CONVERSION = YES;
				CLANG_WARN_NON_LITERAL_NULL_CONVERSION = YES;
				CLANG_WARN_OBJC_LITERAL_CONVERSION = YES;
				CLANG_WARN_OBJC_ROOT_CLASS = YES_ERROR;
				CLANG_WARN_RANGE_LOOP_ANALYSIS = YES;
				CLANG_WARN_STRICT_PROTOTYPES = YES;
				CLANG_WARN_SUSPICIOUS_MOVE = YES;
				CLANG_WARN_UNGUARDED_AVAILABILITY = YES_AGGRESSIVE;
				CLANG_WARN_UNREACHABLE_CODE = YES;
				CLANG_WARN__DUPLICATE_METHOD_MATCH = YES;
				CODE_SIGN_IDENTITY = "iPhone Developer";
				COPY_PHASE_STRIP = NO;
				DEBUG_INFORMATION_FORMAT = dwarf;
				ENABLE_STRICT_OBJC_MSGSEND = YES;
				ENABLE_TESTABILITY = YES;
				GCC_C_LANGUAGE_STANDARD = gnu11;
				GCC_DYNAMIC_NO_PIC = NO;
				GCC_NO_COMMON_BLOCKS = YES;
				GCC_OPTIMIZATION_LEVEL = 0;
				GCC_PREPROCESSOR_DEFINITIONS = (
					"DEBUG=1",
					"$(inherited)",
				);
				GCC_WARN_64_TO_32_BIT_CONVERSION = YES;
				GCC_WARN_ABOUT_RETURN_TYPE = YES_ERROR;
				GCC_WARN_UNDECLARED_SELECTOR = YES;
				GCC_WARN_UNINITIALIZED_AUTOS = YES_AGGRESSIVE;
				GCC_WARN_UNUSED_FUNCTION = YES;
				GCC_WARN_UNUSED_VARIABLE = YES;
				IPHONEOS_DEPLOYMENT_TARGET = 11.1;
				MTL_ENABLE_DEBUG_INFO = YES;
				ONLY_ACTIVE_ARCH = YES;
				SDKROOT = iphoneos;
				SWIFT_ACTIVE_COMPILATION_CONDITIONS = DEBUG;
				SWIFT_OPTIMIZATION_LEVEL = "-Onone";
			};
			name = Debug;
		};
		DAE3E495203A53DB00BB51EA /* Release */ = {
			isa = XCBuildConfiguration;
			buildSettings = {
				ALWAYS_SEARCH_USER_PATHS = NO;
				CLANG_ANALYZER_NONNULL = YES;
				CLANG_ANALYZER_NUMBER_OBJECT_CONVERSION = YES_AGGRESSIVE;
				CLANG_CXX_LANGUAGE_STANDARD = "gnu++14";
				CLANG_CXX_LIBRARY = "libc++";
				CLANG_ENABLE_MODULES = YES;
				CLANG_ENABLE_OBJC_ARC = YES;
				CLANG_WARN_BLOCK_CAPTURE_AUTORELEASING = YES;
				CLANG_WARN_BOOL_CONVERSION = YES;
				CLANG_WARN_COMMA = YES;
				CLANG_WARN_CONSTANT_CONVERSION = YES;
				CLANG_WARN_DIRECT_OBJC_ISA_USAGE = YES_ERROR;
				CLANG_WARN_DOCUMENTATION_COMMENTS = YES;
				CLANG_WARN_EMPTY_BODY = YES;
				CLANG_WARN_ENUM_CONVERSION = YES;
				CLANG_WARN_INFINITE_RECURSION = YES;
				CLANG_WARN_INT_CONVERSION = YES;
				CLANG_WARN_NON_LITERAL_NULL_CONVERSION = YES;
				CLANG_WARN_OBJC_LITERAL_CONVERSION = YES;
				CLANG_WARN_OBJC_ROOT_CLASS = YES_ERROR;
				CLANG_WARN_RANGE_LOOP_ANALYSIS = YES;
				CLANG_WARN_STRICT_PROTOTYPES = YES;
				CLANG_WARN_SUSPICIOUS_MOVE = YES;
				CLANG_WARN_UNGUARDED_AVAILABILITY = YES_AGGRESSIVE;
				CLANG_WARN_UNREACHABLE_CODE = YES;
				CLANG_WARN__DUPLICATE_METHOD_MATCH = YES;
				CODE_SIGN_IDENTITY = "iPhone Developer";
				COPY_PHASE_STRIP = NO;
				DEBUG_INFORMATION_FORMAT = "dwarf-with-dsym";
				ENABLE_NS_ASSERTIONS = NO;
				ENABLE_STRICT_OBJC_MSGSEND = YES;
				GCC_C_LANGUAGE_STANDARD = gnu11;
				GCC_NO_COMMON_BLOCKS = YES;
				GCC_WARN_64_TO_32_BIT_CONVERSION = YES;
				GCC_WARN_ABOUT_RETURN_TYPE = YES_ERROR;
				GCC_WARN_UNDECLARED_SELECTOR = YES;
				GCC_WARN_UNINITIALIZED_AUTOS = YES_AGGRESSIVE;
				GCC_WARN_UNUSED_FUNCTION = YES;
				GCC_WARN_UNUSED_VARIABLE = YES;
				IPHONEOS_DEPLOYMENT_TARGET = 11.1;
				MTL_ENABLE_DEBUG_INFO = NO;
				SDKROOT = iphoneos;
				SWIFT_OPTIMIZATION_LEVEL = "-Owholemodule";
				VALIDATE_PRODUCT = YES;
			};
			name = Release;
		};
		DAE3E497203A53DB00BB51EA /* Debug */ = {
			isa = XCBuildConfiguration;
			buildSettings = {
				ASSETCATALOG_COMPILER_APPICON_NAME = AppIcon;
				CODE_SIGN_STYLE = Automatic;
				DEVELOPMENT_TEAM = 5S2R3M45L8;
				INFOPLIST_FILE = AlarmAppRepractice/Info.plist;
				LD_RUNPATH_SEARCH_PATHS = "$(inherited) @executable_path/Frameworks";
				PRODUCT_BUNDLE_IDENTIFIER = com.dpaulb.AlarmAppRepractice;
				PRODUCT_NAME = "$(TARGET_NAME)";
				SWIFT_VERSION = 4.0;
				TARGETED_DEVICE_FAMILY = "1,2";
			};
			name = Debug;
		};
		DAE3E498203A53DB00BB51EA /* Release */ = {
			isa = XCBuildConfiguration;
			buildSettings = {
				ASSETCATALOG_COMPILER_APPICON_NAME = AppIcon;
				CODE_SIGN_STYLE = Automatic;
				DEVELOPMENT_TEAM = 5S2R3M45L8;
				INFOPLIST_FILE = AlarmAppRepractice/Info.plist;
				LD_RUNPATH_SEARCH_PATHS = "$(inherited) @executable_path/Frameworks";
				PRODUCT_BUNDLE_IDENTIFIER = com.dpaulb.AlarmAppRepractice;
				PRODUCT_NAME = "$(TARGET_NAME)";
				SWIFT_VERSION = 4.0;
				TARGETED_DEVICE_FAMILY = "1,2";
			};
			name = Release;
		};
/* End XCBuildConfiguration section */

/* Begin XCConfigurationList section */
		DAE3E47C203A53DB00BB51EA /* Build configuration list for PBXProject "AlarmAppRepractice" */ = {
			isa = XCConfigurationList;
			buildConfigurations = (
				DAE3E494203A53DB00BB51EA /* Debug */,
				DAE3E495203A53DB00BB51EA /* Release */,
			);
			defaultConfigurationIsVisible = 0;
			defaultConfigurationName = Release;
		};
		DAE3E496203A53DB00BB51EA /* Build configuration list for PBXNativeTarget "AlarmAppRepractice" */ = {
			isa = XCConfigurationList;
			buildConfigurations = (
				DAE3E497203A53DB00BB51EA /* Debug */,
				DAE3E498203A53DB00BB51EA /* Release */,
			);
			defaultConfigurationIsVisible = 0;
			defaultConfigurationName = Release;
		};
/* End XCConfigurationList section */

/* Begin XCVersionGroup section */
		DAE3E48B203A53DB00BB51EA /* AlarmAppRepractice.xcdatamodeld */ = {
			isa = XCVersionGroup;
			children = (
				DAE3E48C203A53DB00BB51EA /* AlarmAppRepractice.xcdatamodel */,
			);
			currentVersion = DAE3E48C203A53DB00BB51EA /* AlarmAppRepractice.xcdatamodel */;
			path = AlarmAppRepractice.xcdatamodeld;
			sourceTree = "<group>";
			versionGroupType = wrapper.xcdatamodel;
		};
/* End XCVersionGroup section */
	};
	rootObject = DAE3E479203A53DB00BB51EA /* Project object */;
}
